{
  "name": "easel-rooms",
  "version": "0.0.1",
  "lockfileVersion": 1,
  "requires": true,
  "dependencies": {
    "@createjs/core": {
      "version": "2.0.0-beta.4",
      "resolved": "https://registry.npmjs.org/@createjs/core/-/core-2.0.0-beta.4.tgz",
      "integrity": "sha512-+csRjNJozE+C+4JfPEOV7lL6czWHB/+hBpA/oY4JeuVwEsLisaTzwEvfDd6XUUeK3ldlU14RzxZZYD5fDx7gBw=="
    },
    "@createjs/easeljs": {
      "version": "2.0.0-beta.4",
      "resolved": "https://registry.npmjs.org/@createjs/easeljs/-/easeljs-2.0.0-beta.4.tgz",
      "integrity": "sha512-jaZQ4qm71177xJ4NT1EAWNSf3eI5EfWvDHufJ9QaVMQxjW+eMkh8QTZg7U9jPwll/6l9XegSToZZokTYaPM59A==",
      "requires": {
        "@createjs/core": "^2.0.0-beta.4",
        "@createjs/tweenjs": "^2.0.0-beta.4"
      }
    },
    "@createjs/tweenjs": {
      "version": "2.0.0-beta.4",
      "resolved": "https://registry.npmjs.org/@createjs/tweenjs/-/tweenjs-2.0.0-beta.4.tgz",
      "integrity": "sha512-8TBzHn76mKR0PSUcLx3qxfJSMysOdsgYbJFoG/YeH/ViTWBOwmGVeZr6SIylFbqGHLtUyXDQEvSa1enSGUT5XQ==",
      "requires": {
        "@createjs/core": "^2.0.0-beta.4"
      }
    }
  }
}
